
Microsoft Visual Studio Solution File, Format Version 12.00
# Visual Studio Version 17
VisualStudioVersion = 17.3.32922.545
MinimumVisualStudioVersion = 10.0.40219.1
Project("{FAE04EC0-301F-11D3-BF4B-00C04F79EFBC}") = "LearnDSAlgorithms", "LearnDSAlgorithms\LearnDSAlgorithms.csproj", "{311C9AD8-617A-4F61-893B-8C845FFCF55E}"
EndProject
Global
	GlobalSection(SolutionConfigurationPlatforms) = preSolution
		Debug|Any CPU = Debug|Any CPU
		Release|Any CPU = Release|Any CPU
	EndGlobalSection
	GlobalSection(ProjectConfigurationPlatforms) = postSolution
		{311C9AD8-617A-4F61-893B-8C845FFCF55E}.Debug|Any CPU.ActiveCfg = Debug|Any CPU
		{311C9AD8-617A-4F61-893B-8C845FFCF55E}.Debug|Any CPU.Build.0 = Debug|Any CPU
		{311C9AD8-617A-4F61-893B-8C845FFCF55E}.Release|Any CPU.ActiveCfg = Release|Any CPU
		{311C9AD8-617A-4F61-893B-8C845FFCF55E}.Release|Any CPU.Build.0 = Release|Any CPU
	EndGlobalSection
	GlobalSection(SolutionProperties) = preSolution
		HideSolutionNode = FALSE
	EndGlobalSection
	GlobalSection(ExtensibilityGlobals) = postSolution
		SolutionGuid = {486A17B3-1A0F-447F-9533-7D5677806DF2}
	EndGlobalSection
EndGlobal
